// !$*UTF8*$!
{
	archiveVersion = 1;
	classes = {
	};
	objectVersion = 46;
	objects = {

/* Begin PBXBuildFile section */
		480A8794221EA8A500474724 /* PublishTelephonyInterruptTest.swift in Sources */ = {isa = PBXBuildFile; fileRef = 480A8793221EA8A500474724 /* PublishTelephonyInterruptTest.swift */; };
		480A8796221ED82D00474724 /* SubscribeTelephonyInterruptTest.swift in Sources */ = {isa = PBXBuildFile; fileRef = 480A8795221ED82D00474724 /* SubscribeTelephonyInterruptTest.swift */; };
		480C6B931F7BDE7F009E943F /* VideoToolbox.framework in Frameworks */ = {isa = PBXBuildFile; fileRef = 480C6B921F7BDE7F009E943F /* VideoToolbox.framework */; };
		480C6B951F7BDE85009E943F /* libbz2.1.0.tbd in Frameworks */ = {isa = PBXBuildFile; fileRef = 480C6B941F7BDE85009E943F /* libbz2.1.0.tbd */; };
		481B156D1EB380F20038A187 /* PublishAuthTest.swift in Sources */ = {isa = PBXBuildFile; fileRef = 481B156C1EB380F20038A187 /* PublishAuthTest.swift */; };
		481B156F1EB380FE0038A187 /* SubscribeAuthTest.swift in Sources */ = {isa = PBXBuildFile; fileRef = 481B156E1EB380FE0038A187 /* SubscribeAuthTest.swift */; };
		481B15761EB390600038A187 /* PublishSendTest.swift in Sources */ = {isa = PBXBuildFile; fileRef = 481B15741EB390600038A187 /* PublishSendTest.swift */; };
		481B15771EB390600038A187 /* SubscribeReceiveSendTest.swift in Sources */ = {isa = PBXBuildFile; fileRef = 481B15751EB390600038A187 /* SubscribeReceiveSendTest.swift */; };
		482282591E4E47C80073F26C /* PublishDeviceOrientationTest.swift in Sources */ = {isa = PBXBuildFile; fileRef = 482282581E4E47C80073F26C /* PublishDeviceOrientationTest.swift */; };
		4838028E1E4115130098F5B7 /* PublishPauseTest.swift in Sources */ = {isa = PBXBuildFile; fileRef = 4838028D1E4115130098F5B7 /* PublishPauseTest.swift */; };
		483F559024CB35DF00DB1D0C /* ConferenceViewController.swift in Sources */ = {isa = PBXBuildFile; fileRef = 483F558E24CB35DF00DB1D0C /* ConferenceViewController.swift */; };
		483F559124CB35DF00DB1D0C /* ConferenceTest.swift in Sources */ = {isa = PBXBuildFile; fileRef = 483F558F24CB35DF00DB1D0C /* ConferenceTest.swift */; };
		485345071C23528400D409F3 /* PublishStreamImageTest.swift in Sources */ = {isa = PBXBuildFile; fileRef = 485345061C23528400D409F3 /* PublishStreamImageTest.swift */; };
		485345091C23552F00D409F3 /* CameraSwapTest.swift in Sources */ = {isa = PBXBuildFile; fileRef = 485345081C23552F00D409F3 /* CameraSwapTest.swift */; };
		4874D59D1C2216DB00A98102 /* SubscribeTest.swift in Sources */ = {isa = PBXBuildFile; fileRef = 4874D59C1C2216DB00A98102 /* SubscribeTest.swift */; };
		4874D59F1C221B9500A98102 /* AdaptiveBitrateControllerTest.swift in Sources */ = {isa = PBXBuildFile; fileRef = 4874D59E1C221B9500A98102 /* AdaptiveBitrateControllerTest.swift */; };
		4874D5A31C221CD000A98102 /* ALToastView.m in Sources */ = {isa = PBXBuildFile; fileRef = 4874D5A21C221CD000A98102 /* ALToastView.m */; };
		4874ECD01C483FDA002BDA6D /* SubscribeStreamImageTest.swift in Sources */ = {isa = PBXBuildFile; fileRef = 4874ECCF1C483FDA002BDA6D /* SubscribeStreamImageTest.swift */; };
		487C888F1F2F8AB2004157B6 /* PublishHQAudioTest.swift in Sources */ = {isa = PBXBuildFile; fileRef = 487C888E1F2F8AB2004157B6 /* PublishHQAudioTest.swift */; };
		487CDBC21E6E4401007FC4EA /* libz.tbd in Frameworks */ = {isa = PBXBuildFile; fileRef = 487CDBC11E6E4401007FC4EA /* libz.tbd */; };
		487CDBC41E6F1A39007FC4EA /* SharedObjectTest.swift in Sources */ = {isa = PBXBuildFile; fileRef = 487CDBC31E6F1A39007FC4EA /* SharedObjectTest.swift */; };
		48A7171B210A275C007C4AF7 /* PublishStreamManagerTranscodeTest.swift in Sources */ = {isa = PBXBuildFile; fileRef = 48A7171A210A275C007C4AF7 /* PublishStreamManagerTranscodeTest.swift */; };
		48B79AE820C6E94E00AAE4E2 /* PublishZoomableTest.swift in Sources */ = {isa = PBXBuildFile; fileRef = 48B79AE720C6E94E00AAE4E2 /* PublishZoomableTest.swift */; };
		48BB1D811CED140D00D915E5 /* SubscribeSetSizeTest.swift in Sources */ = {isa = PBXBuildFile; fileRef = 48BB1D801CED140D00D915E5 /* SubscribeSetSizeTest.swift */; };
		48BF80AE1C245AA7000E996E /* PublishOrientationTest.swift in Sources */ = {isa = PBXBuildFile; fileRef = 48BF80AD1C245AA7000E996E /* PublishOrientationTest.swift */; };
		48BF80B11C245D29000E996E /* Info-100.png in Resources */ = {isa = PBXBuildFile; fileRef = 48BF80B01C245D29000E996E /* Info-100.png */; };
		48BF80B31C246F6D000E996E /* SubscribeAspectRatioTest.swift in Sources */ = {isa = PBXBuildFile; fileRef = 48BF80B21C246F6D000E996E /* SubscribeAspectRatioTest.swift */; };
		48DFEDAC1C21BBC60040B624 /* AppDelegate.swift in Sources */ = {isa = PBXBuildFile; fileRef = 48DFEDAB1C21BBC60040B624 /* AppDelegate.swift */; };
		48DFEDAE1C21BBC60040B624 /* MasterViewController.swift in Sources */ = {isa = PBXBuildFile; fileRef = 48DFEDAD1C21BBC60040B624 /* MasterViewController.swift */; };
		48DFEDB01C21BBC60040B624 /* DetailViewController.swift in Sources */ = {isa = PBXBuildFile; fileRef = 48DFEDAF1C21BBC60040B624 /* DetailViewController.swift */; };
		48DFEDB31C21BBC60040B624 /* Main.storyboard in Resources */ = {isa = PBXBuildFile; fileRef = 48DFEDB11C21BBC60040B624 /* Main.storyboard */; };
		48DFEDB51C21BBC60040B624 /* Assets.xcassets in Resources */ = {isa = PBXBuildFile; fileRef = 48DFEDB41C21BBC60040B624 /* Assets.xcassets */; };
		48DFEDB81C21BBC60040B624 /* LaunchScreen.storyboard in Resources */ = {isa = PBXBuildFile; fileRef = 48DFEDB61C21BBC60040B624 /* LaunchScreen.storyboard */; };
		48DFEDCD1C21BF0A0040B624 /* PublishTest.swift in Sources */ = {isa = PBXBuildFile; fileRef = 48DFEDCC1C21BF0A0040B624 /* PublishTest.swift */; };
		48DFEDCF1C21BF2D0040B624 /* CoreFoundation.framework in Frameworks */ = {isa = PBXBuildFile; fileRef = 48DFEDCE1C21BF2D0040B624 /* CoreFoundation.framework */; };
		48DFEDD11C21BF320040B624 /* QuartzCore.framework in Frameworks */ = {isa = PBXBuildFile; fileRef = 48DFEDD01C21BF320040B624 /* QuartzCore.framework */; };
		48DFEDD31C21BF370040B624 /* libiconv.2.4.0.tbd in Frameworks */ = {isa = PBXBuildFile; fileRef = 48DFEDD21C21BF370040B624 /* libiconv.2.4.0.tbd */; };
		48DFEDD51C21C18F0040B624 /* Home.swift in Sources */ = {isa = PBXBuildFile; fileRef = 48DFEDD41C21C18F0040B624 /* Home.swift */; };
		48DFEDD71C21C2540040B624 /* BaseTest.swift in Sources */ = {isa = PBXBuildFile; fileRef = 48DFEDD61C21C2540040B624 /* BaseTest.swift */; };
		48DFEDD91C21C5940040B624 /* OpenAL.framework in Frameworks */ = {isa = PBXBuildFile; fileRef = 48DFEDD81C21C5940040B624 /* OpenAL.framework */; };
		48DFEDDF1C21EA780040B624 /* Testbed.swift in Sources */ = {isa = PBXBuildFile; fileRef = 48DFEDDE1C21EA780040B624 /* Testbed.swift */; };
		9209F4A91F7EE38500A90080 /* PublishLocalRecordTest.swift in Sources */ = {isa = PBXBuildFile; fileRef = 9209F4A81F7EE38500A90080 /* PublishLocalRecordTest.swift */; };
		925516F822F0CBAC00604D57 /* PublishCameraDeviceOrientationTest.swift in Sources */ = {isa = PBXBuildFile; fileRef = 925516F722F0CBAC00604D57 /* PublishCameraDeviceOrientationTest.swift */; };
		925516FA22F0CBF300604D57 /* PublishSMEncryptedTest.swift in Sources */ = {isa = PBXBuildFile; fileRef = 925516F922F0CBF300604D57 /* PublishSMEncryptedTest.swift */; };
		925516FC22F0CC3100604D57 /* PublishTelephonyInterruptTest.swift in Sources */ = {isa = PBXBuildFile; fileRef = 925516FB22F0CC3100604D57 /* PublishTelephonyInterruptTest.swift */; };
		925516FE22F0CC4100604D57 /* SubscribeSMEncryptedTest.swift in Sources */ = {isa = PBXBuildFile; fileRef = 925516FD22F0CC4100604D57 /* SubscribeSMEncryptedTest.swift */; };
		9255170022F0CC4D00604D57 /* SubscribeTelephonyInterruptTest.swift in Sources */ = {isa = PBXBuildFile; fileRef = 925516FF22F0CC4D00604D57 /* SubscribeTelephonyInterruptTest.swift */; };
		926794F51D061900004B0BCD /* PublishRemoteCallTest.swift in Sources */ = {isa = PBXBuildFile; fileRef = 926794F41D061900004B0BCD /* PublishRemoteCallTest.swift */; };
		926794F71D06191E004B0BCD /* PublishStreamManagerTest.swift in Sources */ = {isa = PBXBuildFile; fileRef = 926794F61D06191E004B0BCD /* PublishStreamManagerTest.swift */; };
		926794F91D061942004B0BCD /* RecordedTest.swift in Sources */ = {isa = PBXBuildFile; fileRef = 926794F81D061942004B0BCD /* RecordedTest.swift */; };
		926794FB1D061968004B0BCD /* SubscribeCluster.swift in Sources */ = {isa = PBXBuildFile; fileRef = 926794FA1D061968004B0BCD /* SubscribeCluster.swift */; };
		926794FD1D061983004B0BCD /* SubscribeRemoteCallTest.swift in Sources */ = {isa = PBXBuildFile; fileRef = 926794FC1D061983004B0BCD /* SubscribeRemoteCallTest.swift */; };
		926794FF1D06199E004B0BCD /* TwoWayTest.swift in Sources */ = {isa = PBXBuildFile; fileRef = 926794FE1D06199E004B0BCD /* TwoWayTest.swift */; };
		926EB660224D3C8300715EF7 /* PublishEncryptedTest.swift in Sources */ = {isa = PBXBuildFile; fileRef = 926EB65F224D3C8200715EF7 /* PublishEncryptedTest.swift */; };
		926EB662224D475A00715EF7 /* SubscribeEncryptedTest.swift in Sources */ = {isa = PBXBuildFile; fileRef = 926EB661224D475900715EF7 /* SubscribeEncryptedTest.swift */; };
		926EB664224D477800715EF7 /* SubscribeMetalViewTest.swift in Sources */ = {isa = PBXBuildFile; fileRef = 926EB663224D477800715EF7 /* SubscribeMetalViewTest.swift */; };
		926EB666224D4AA800715EF7 /* SubscribeMuteTest.swift in Sources */ = {isa = PBXBuildFile; fileRef = 926EB665224D4AA800715EF7 /* SubscribeMuteTest.swift */; };
		926EB668224D4AB300715EF7 /* SubscribeSetVolumeTest.swift in Sources */ = {isa = PBXBuildFile; fileRef = 926EB667224D4AB300715EF7 /* SubscribeSetVolumeTest.swift */; };
		9278C9AC2098B09300861C79 /* SubscribeAudioDelayTest.swift in Sources */ = {isa = PBXBuildFile; fileRef = 9278C9AB2098B09300861C79 /* SubscribeAudioDelayTest.swift */; };
		9278C9B02098E1BE00861C79 /* PublishBackgroundTest.swift in Sources */ = {isa = PBXBuildFile; fileRef = 9278C9AF2098E1BE00861C79 /* PublishBackgroundTest.swift */; };
		9279C5FD226628F10046B6DD /* AVAudioSessionSuplement.m in Sources */ = {isa = PBXBuildFile; fileRef = 9279C5FC226628F10046B6DD /* AVAudioSessionSuplement.m */; };
		927C86E82253FD3B00094096 /* PublishAVCategoryTest.swift in Sources */ = {isa = PBXBuildFile; fileRef = 927C86E72253FD3B00094096 /* PublishAVCategoryTest.swift */; };
		927FA28A20EBCD2D00F16228 /* TwoWayStreamManagerTest.swift in Sources */ = {isa = PBXBuildFile; fileRef = 927FA28920EBCD2D00F16228 /* TwoWayStreamManagerTest.swift */; };
		928B1CBD1CBC0DC5002C66BA /* SubscribeStreamManagerTest.swift in Sources */ = {isa = PBXBuildFile; fileRef = 928B1CBC1CBC0DC5002C66BA /* SubscribeStreamManagerTest.swift */; };
		92A642E3200D40AC00882600 /* PublishAspectTest.swift in Sources */ = {isa = PBXBuildFile; fileRef = 92A642E2200D40AC00882600 /* PublishAspectTest.swift */; };
		92A642E5200D416600882600 /* SubscribeBackgroundTest.swift in Sources */ = {isa = PBXBuildFile; fileRef = 92A642E4200D416500882600 /* SubscribeBackgroundTest.swift */; };
		92B54DCE2146D766001B0EE3 /* libc++.tbd in Frameworks */ = {isa = PBXBuildFile; fileRef = 92B54DCD2146D766001B0EE3 /* libc++.tbd */; };
		92BF53F323E87301005E6D7D /* SharedObjectStreamlessTest.swift in Sources */ = {isa = PBXBuildFile; fileRef = 92BF53F223E87300005E6D7D /* SharedObjectStreamlessTest.swift */; };
		92BF53F523E87314005E6D7D /* Subscribe360Test.swift in Sources */ = {isa = PBXBuildFile; fileRef = 92BF53F423E87314005E6D7D /* Subscribe360Test.swift */; };
		92BF53F923E8733A005E6D7D /* Custom360VideoViewCamera.swift in Sources */ = {isa = PBXBuildFile; fileRef = 92BF53F623E8733A005E6D7D /* Custom360VideoViewCamera.swift */; };
		92BF53FA23E8733A005E6D7D /* Custom360VideoViewRendererEngine.swift in Sources */ = {isa = PBXBuildFile; fileRef = 92BF53F723E8733A005E6D7D /* Custom360VideoViewRendererEngine.swift */; };
		92BF53FB23E8733A005E6D7D /* Custom360VideoViewRenderer.swift in Sources */ = {isa = PBXBuildFile; fileRef = 92BF53F823E8733A005E6D7D /* Custom360VideoViewRenderer.swift */; };
		92BF53FD23E87357005E6D7D /* SubscribeHardwareAccelerationTest.swift in Sources */ = {isa = PBXBuildFile; fileRef = 92BF53FC23E87357005E6D7D /* SubscribeHardwareAccelerationTest.swift */; };
		92BF53FF23E87374005E6D7D /* SubscribeForceRGBScalarTest.swift in Sources */ = {isa = PBXBuildFile; fileRef = 92BF53FE23E87374005E6D7D /* SubscribeForceRGBScalarTest.swift */; };
		92BF540123E87384005E6D7D /* SubscribeStreamManagerTranscoderTest.swift in Sources */ = {isa = PBXBuildFile; fileRef = 92BF540023E87384005E6D7D /* SubscribeStreamManagerTranscoderTest.swift */; };
		92BF540323E873B7005E6D7D /* SubscribeRendererSwapTest.swift in Sources */ = {isa = PBXBuildFile; fileRef = 92BF540223E873B7005E6D7D /* SubscribeRendererSwapTest.swift */; };
		92BF540523E87434005E6D7D /* PublishTranscoderForm.swift in Sources */ = {isa = PBXBuildFile; fileRef = 92BF540423E87434005E6D7D /* PublishTranscoderForm.swift */; };
		92CC78091CB6F8DD00CD4352 /* SubscribeTwoStreams.swift in Sources */ = {isa = PBXBuildFile; fileRef = 92CC78081CB6F8DD00CD4352 /* SubscribeTwoStreams.swift */; };
		92D5293B261D9BB300B83626 /* PublishSocialPushTest.swift in Sources */ = {isa = PBXBuildFile; fileRef = 92D5293A261D9BB300B83626 /* PublishSocialPushTest.swift */; };
		92D5293E261D9BC300B83626 /* PublishStreamManagerSocialPush.swift in Sources */ = {isa = PBXBuildFile; fileRef = 92D5293D261D9BC300B83626 /* PublishStreamManagerSocialPush.swift */; };
		92D52941261D9C1B00B83626 /* SubscribeStreamManagerReconnectTest.swift in Sources */ = {isa = PBXBuildFile; fileRef = 92D52940261D9C1B00B83626 /* SubscribeStreamManagerReconnectTest.swift */; };
		92E13BF41CDD165800DA5783 /* SubscribeNoViewTest.swift in Sources */ = {isa = PBXBuildFile; fileRef = 92E13BF31CDD165800DA5783 /* SubscribeNoViewTest.swift */; };
		92EA19DA1CE13717006B3A97 /* PublishCustomSourceTest.swift in Sources */ = {isa = PBXBuildFile; fileRef = 92EA19D91CE13717006B3A97 /* PublishCustomSourceTest.swift */; };
		92EA19DD1CE137DD006B3A97 /* CustomVideoSource.swift in Sources */ = {isa = PBXBuildFile; fileRef = 92EA19DC1CE137DD006B3A97 /* CustomVideoSource.swift */; };
		92EAA9DB1D0734EA00B2CE46 /* SubscribeAutoReconnectTest.swift in Sources */ = {isa = PBXBuildFile; fileRef = 92EAA9DA1D0734EA00B2CE46 /* SubscribeAutoReconnectTest.swift */; };
		92EBEF02212F1B4E003B72FB /* BandwidthDetectionTest.swift in Sources */ = {isa = PBXBuildFile; fileRef = 92EBEF01212F1B4E003B72FB /* BandwidthDetectionTest.swift */; };
		92EBEF04212F1B59003B72FB /* BandwidthDetectionDownloadOnlyTest.swift in Sources */ = {isa = PBXBuildFile; fileRef = 92EBEF03212F1B59003B72FB /* BandwidthDetectionDownloadOnlyTest.swift */; };
		92EBEF06212F1B64003B72FB /* SubscriberBandwidthTest.swift in Sources */ = {isa = PBXBuildFile; fileRef = 92EBEF05212F1B63003B72FB /* SubscriberBandwidthTest.swift */; };
		92EBEF08212F1B6F003B72FB /* BandwidthDetectionUploadOnlyTest.swift in Sources */ = {isa = PBXBuildFile; fileRef = 92EBEF07212F1B6F003B72FB /* BandwidthDetectionUploadOnlyTest.swift */; };
		92F9A0681D020BA100F49644 /* R5Streaming.framework in Frameworks */ = {isa = PBXBuildFile; fileRef = 48DFEDC51C21BBDB0040B624 /* R5Streaming.framework */; };
		E1878B951E578B8F00118560 /* tests.plist in Resources */ = {isa = PBXBuildFile; fileRef = E1878B941E578B8F00118560 /* tests.plist */; };
/* End PBXBuildFile section */

/* Begin PBXFileReference section */
		480A8793221EA8A500474724 /* PublishTelephonyInterruptTest.swift */ = {isa = PBXFileReference; lastKnownFileType = sourcecode.swift; name = PublishTelephonyInterruptTest.swift; path = Tests/PublishTelephonyInterrupt/PublishTelephonyInterruptTest.swift; sourceTree = "<group>"; };
		480A8795221ED82D00474724 /* SubscribeTelephonyInterruptTest.swift */ = {isa = PBXFileReference; lastKnownFileType = sourcecode.swift; name = SubscribeTelephonyInterruptTest.swift; path = Tests/SubscribeTelephonyInterrupt/SubscribeTelephonyInterruptTest.swift; sourceTree = "<group>"; };
		480C6B921F7BDE7F009E943F /* VideoToolbox.framework */ = {isa = PBXFileReference; lastKnownFileType = wrapper.framework; name = VideoToolbox.framework; path = System/Library/Frameworks/VideoToolbox.framework; sourceTree = SDKROOT; };
		480C6B941F7BDE85009E943F /* libbz2.1.0.tbd */ = {isa = PBXFileReference; lastKnownFileType = "sourcecode.text-based-dylib-definition"; name = libbz2.1.0.tbd; path = usr/lib/libbz2.1.0.tbd; sourceTree = SDKROOT; };
		481B156C1EB380F20038A187 /* PublishAuthTest.swift */ = {isa = PBXFileReference; fileEncoding = 4; lastKnownFileType = sourcecode.swift; name = PublishAuthTest.swift; path = Tests/PublishAuth/PublishAuthTest.swift; sourceTree = "<group>"; };
		481B156E1EB380FE0038A187 /* SubscribeAuthTest.swift */ = {isa = PBXFileReference; fileEncoding = 4; lastKnownFileType = sourcecode.swift; name = SubscribeAuthTest.swift; path = Tests/SubscribeAuth/SubscribeAuthTest.swift; sourceTree = "<group>"; };
		481B15741EB390600038A187 /* PublishSendTest.swift */ = {isa = PBXFileReference; fileEncoding = 4; lastKnownFileType = sourcecode.swift; name = PublishSendTest.swift; path = Tests/SubscribeReceiveSend/PublishSendTest.swift; sourceTree = "<group>"; };
		481B15751EB390600038A187 /* SubscribeReceiveSendTest.swift */ = {isa = PBXFileReference; fileEncoding = 4; lastKnownFileType = sourcecode.swift; name = SubscribeReceiveSendTest.swift; path = Tests/SubscribeReceiveSend/SubscribeReceiveSendTest.swift; sourceTree = "<group>"; };
		482282581E4E47C80073F26C /* PublishDeviceOrientationTest.swift */ = {isa = PBXFileReference; fileEncoding = 4; lastKnownFileType = sourcecode.swift; name = PublishDeviceOrientationTest.swift; path = Tests/PublishDeviceOrientation/PublishDeviceOrientationTest.swift; sourceTree = "<group>"; };
		4838028D1E4115130098F5B7 /* PublishPauseTest.swift */ = {isa = PBXFileReference; fileEncoding = 4; lastKnownFileType = sourcecode.swift; name = PublishPauseTest.swift; path = Tests/PublishPause/PublishPauseTest.swift; sourceTree = "<group>"; };
		483F558E24CB35DF00DB1D0C /* ConferenceViewController.swift */ = {isa = PBXFileReference; fileEncoding = 4; lastKnownFileType = sourcecode.swift; name = ConferenceViewController.swift; path = Tests/ConferenceTest/ConferenceViewController.swift; sourceTree = "<group>"; };
		483F558F24CB35DF00DB1D0C /* ConferenceTest.swift */ = {isa = PBXFileReference; fileEncoding = 4; lastKnownFileType = sourcecode.swift; name = ConferenceTest.swift; path = Tests/ConferenceTest/ConferenceTest.swift; sourceTree = "<group>"; };
		485345061C23528400D409F3 /* PublishStreamImageTest.swift */ = {isa = PBXFileReference; fileEncoding = 4; lastKnownFileType = sourcecode.swift; name = PublishStreamImageTest.swift; path = Tests/PublishStreamImage/PublishStreamImageTest.swift; sourceTree = "<group>"; };
		485345081C23552F00D409F3 /* CameraSwapTest.swift */ = {isa = PBXFileReference; fileEncoding = 4; lastKnownFileType = sourcecode.swift; name = CameraSwapTest.swift; path = Tests/CameraSwap/CameraSwapTest.swift; sourceTree = "<group>"; };
		4874D59C1C2216DB00A98102 /* SubscribeTest.swift */ = {isa = PBXFileReference; fileEncoding = 4; lastKnownFileType = sourcecode.swift; name = SubscribeTest.swift; path = Tests/Subscribe/SubscribeTest.swift; sourceTree = "<group>"; };
		4874D59E1C221B9500A98102 /* AdaptiveBitrateControllerTest.swift */ = {isa = PBXFileReference; fileEncoding = 4; lastKnownFileType = sourcecode.swift; name = AdaptiveBitrateControllerTest.swift; path = Tests/AdaptiveBitrate/AdaptiveBitrateControllerTest.swift; sourceTree = "<group>"; };
		4874D5A01C221CCF00A98102 /* R5ProTestbed-Bridging-Header.h */ = {isa = PBXFileReference; lastKnownFileType = sourcecode.c.h; path = "R5ProTestbed-Bridging-Header.h"; sourceTree = "<group>"; };
		4874D5A11C221CD000A98102 /* ALToastView.h */ = {isa = PBXFileReference; fileEncoding = 4; lastKnownFileType = sourcecode.c.h; path = ALToastView.h; sourceTree = "<group>"; };
		4874D5A21C221CD000A98102 /* ALToastView.m */ = {isa = PBXFileReference; fileEncoding = 4; lastKnownFileType = sourcecode.c.objc; path = ALToastView.m; sourceTree = "<group>"; };
		4874ECCF1C483FDA002BDA6D /* SubscribeStreamImageTest.swift */ = {isa = PBXFileReference; fileEncoding = 4; lastKnownFileType = sourcecode.swift; name = SubscribeStreamImageTest.swift; path = Tests/SubscribeStreamImage/SubscribeStreamImageTest.swift; sourceTree = "<group>"; };
		487C888E1F2F8AB2004157B6 /* PublishHQAudioTest.swift */ = {isa = PBXFileReference; fileEncoding = 4; lastKnownFileType = sourcecode.swift; name = PublishHQAudioTest.swift; path = Tests/PublishHQAudio/PublishHQAudioTest.swift; sourceTree = "<group>"; };
		487CDBC11E6E4401007FC4EA /* libz.tbd */ = {isa = PBXFileReference; lastKnownFileType = "sourcecode.text-based-dylib-definition"; name = libz.tbd; path = usr/lib/libz.tbd; sourceTree = SDKROOT; };
		487CDBC31E6F1A39007FC4EA /* SharedObjectTest.swift */ = {isa = PBXFileReference; fileEncoding = 4; lastKnownFileType = sourcecode.swift; name = SharedObjectTest.swift; path = Tests/SharedObject/SharedObjectTest.swift; sourceTree = "<group>"; };
		48A7171A210A275C007C4AF7 /* PublishStreamManagerTranscodeTest.swift */ = {isa = PBXFileReference; fileEncoding = 4; lastKnownFileType = sourcecode.swift; name = PublishStreamManagerTranscodeTest.swift; path = Tests/PublishStreamManagerTranscode/PublishStreamManagerTranscodeTest.swift; sourceTree = "<group>"; };
		48B79AE720C6E94E00AAE4E2 /* PublishZoomableTest.swift */ = {isa = PBXFileReference; fileEncoding = 4; lastKnownFileType = sourcecode.swift; name = PublishZoomableTest.swift; path = Tests/PublishZoomable/PublishZoomableTest.swift; sourceTree = "<group>"; };
		48BB1D801CED140D00D915E5 /* SubscribeSetSizeTest.swift */ = {isa = PBXFileReference; fileEncoding = 4; lastKnownFileType = sourcecode.swift; name = SubscribeSetSizeTest.swift; path = Tests/SubscribeSetSize/SubscribeSetSizeTest.swift; sourceTree = "<group>"; };
		48BF80AD1C245AA7000E996E /* PublishOrientationTest.swift */ = {isa = PBXFileReference; fileEncoding = 4; lastKnownFileType = sourcecode.swift; name = PublishOrientationTest.swift; path = Tests/PublishOrientation/PublishOrientationTest.swift; sourceTree = "<group>"; };
		48BF80B01C245D29000E996E /* Info-100.png */ = {isa = PBXFileReference; lastKnownFileType = image.png; path = "Info-100.png"; sourceTree = "<group>"; };
		48BF80B21C246F6D000E996E /* SubscribeAspectRatioTest.swift */ = {isa = PBXFileReference; fileEncoding = 4; lastKnownFileType = sourcecode.swift; name = SubscribeAspectRatioTest.swift; path = Tests/SubscribeAspectRatio/SubscribeAspectRatioTest.swift; sourceTree = "<group>"; };
		48DFEDA81C21BBC60040B624 /* R5ProTestbed.app */ = {isa = PBXFileReference; explicitFileType = wrapper.application; includeInIndex = 0; path = R5ProTestbed.app; sourceTree = BUILT_PRODUCTS_DIR; };
		48DFEDAB1C21BBC60040B624 /* AppDelegate.swift */ = {isa = PBXFileReference; lastKnownFileType = sourcecode.swift; path = AppDelegate.swift; sourceTree = "<group>"; };
		48DFEDAD1C21BBC60040B624 /* MasterViewController.swift */ = {isa = PBXFileReference; lastKnownFileType = sourcecode.swift; path = MasterViewController.swift; sourceTree = "<group>"; };
		48DFEDAF1C21BBC60040B624 /* DetailViewController.swift */ = {isa = PBXFileReference; lastKnownFileType = sourcecode.swift; path = DetailViewController.swift; sourceTree = "<group>"; };
		48DFEDB21C21BBC60040B624 /* Base */ = {isa = PBXFileReference; lastKnownFileType = file.storyboard; name = Base; path = Base.lproj/Main.storyboard; sourceTree = "<group>"; };
		48DFEDB41C21BBC60040B624 /* Assets.xcassets */ = {isa = PBXFileReference; lastKnownFileType = folder.assetcatalog; path = Assets.xcassets; sourceTree = "<group>"; };
		48DFEDB71C21BBC60040B624 /* Base */ = {isa = PBXFileReference; lastKnownFileType = file.storyboard; name = Base; path = Base.lproj/LaunchScreen.storyboard; sourceTree = "<group>"; };
		48DFEDB91C21BBC60040B624 /* Info.plist */ = {isa = PBXFileReference; lastKnownFileType = text.plist.xml; path = Info.plist; sourceTree = "<group>"; };
		48DFEDC51C21BBDB0040B624 /* R5Streaming.framework */ = {isa = PBXFileReference; lastKnownFileType = wrapper.framework; name = R5Streaming.framework; path = R5ProTestbed/R5Streaming.framework; sourceTree = "<group>"; };
		48DFEDCC1C21BF0A0040B624 /* PublishTest.swift */ = {isa = PBXFileReference; fileEncoding = 4; lastKnownFileType = sourcecode.swift; name = PublishTest.swift; path = Tests/Publish/PublishTest.swift; sourceTree = "<group>"; };
		48DFEDCE1C21BF2D0040B624 /* CoreFoundation.framework */ = {isa = PBXFileReference; lastKnownFileType = wrapper.framework; name = CoreFoundation.framework; path = System/Library/Frameworks/CoreFoundation.framework; sourceTree = SDKROOT; };
		48DFEDD01C21BF320040B624 /* QuartzCore.framework */ = {isa = PBXFileReference; lastKnownFileType = wrapper.framework; name = QuartzCore.framework; path = System/Library/Frameworks/QuartzCore.framework; sourceTree = SDKROOT; };
		48DFEDD21C21BF370040B624 /* libiconv.2.4.0.tbd */ = {isa = PBXFileReference; lastKnownFileType = "sourcecode.text-based-dylib-definition"; name = libiconv.2.4.0.tbd; path = usr/lib/libiconv.2.4.0.tbd; sourceTree = SDKROOT; };
		48DFEDD41C21C18F0040B624 /* Home.swift */ = {isa = PBXFileReference; fileEncoding = 4; lastKnownFileType = sourcecode.swift; path = Home.swift; sourceTree = "<group>"; };
		48DFEDD61C21C2540040B624 /* BaseTest.swift */ = {isa = PBXFileReference; fileEncoding = 4; lastKnownFileType = sourcecode.swift; name = BaseTest.swift; path = Tests/BaseTest.swift; sourceTree = "<group>"; };
		48DFEDD81C21C5940040B624 /* OpenAL.framework */ = {isa = PBXFileReference; lastKnownFileType = wrapper.framework; name = OpenAL.framework; path = System/Library/Frameworks/OpenAL.framework; sourceTree = SDKROOT; };
		48DFEDDE1C21EA780040B624 /* Testbed.swift */ = {isa = PBXFileReference; fileEncoding = 4; lastKnownFileType = sourcecode.swift; path = Testbed.swift; sourceTree = "<group>"; };
		9209F4A81F7EE38500A90080 /* PublishLocalRecordTest.swift */ = {isa = PBXFileReference; fileEncoding = 4; lastKnownFileType = sourcecode.swift; name = PublishLocalRecordTest.swift; path = Tests/PublishLocalRecord/PublishLocalRecordTest.swift; sourceTree = "<group>"; };
		925516F722F0CBAC00604D57 /* PublishCameraDeviceOrientationTest.swift */ = {isa = PBXFileReference; fileEncoding = 4; lastKnownFileType = sourcecode.swift; name = PublishCameraDeviceOrientationTest.swift; path = Tests/PublishCameraDeviceOrientation/PublishCameraDeviceOrientationTest.swift; sourceTree = "<group>"; };
		925516F922F0CBF300604D57 /* PublishSMEncryptedTest.swift */ = {isa = PBXFileReference; fileEncoding = 4; lastKnownFileType = sourcecode.swift; name = PublishSMEncryptedTest.swift; path = Tests/PublishSMEncrypted/PublishSMEncryptedTest.swift; sourceTree = "<group>"; };
		925516FB22F0CC3100604D57 /* PublishTelephonyInterruptTest.swift */ = {isa = PBXFileReference; fileEncoding = 4; lastKnownFileType = sourcecode.swift; name = PublishTelephonyInterruptTest.swift; path = Tests/PublishTelephonyInterrupt/PublishTelephonyInterruptTest.swift; sourceTree = "<group>"; };
		925516FD22F0CC4100604D57 /* SubscribeSMEncryptedTest.swift */ = {isa = PBXFileReference; fileEncoding = 4; lastKnownFileType = sourcecode.swift; name = SubscribeSMEncryptedTest.swift; path = Tests/SubscribeSMEncrypted/SubscribeSMEncryptedTest.swift; sourceTree = "<group>"; };
		925516FF22F0CC4D00604D57 /* SubscribeTelephonyInterruptTest.swift */ = {isa = PBXFileReference; fileEncoding = 4; lastKnownFileType = sourcecode.swift; name = SubscribeTelephonyInterruptTest.swift; path = Tests/SubscribeTelephonyInterrupt/SubscribeTelephonyInterruptTest.swift; sourceTree = "<group>"; };
		926794F41D061900004B0BCD /* PublishRemoteCallTest.swift */ = {isa = PBXFileReference; fileEncoding = 4; lastKnownFileType = sourcecode.swift; name = PublishRemoteCallTest.swift; path = Tests/RemoteCall/PublishRemoteCallTest.swift; sourceTree = "<group>"; };
		926794F61D06191E004B0BCD /* PublishStreamManagerTest.swift */ = {isa = PBXFileReference; fileEncoding = 4; lastKnownFileType = sourcecode.swift; name = PublishStreamManagerTest.swift; path = Tests/PublishStreamManager/PublishStreamManagerTest.swift; sourceTree = "<group>"; };
		926794F81D061942004B0BCD /* RecordedTest.swift */ = {isa = PBXFileReference; fileEncoding = 4; lastKnownFileType = sourcecode.swift; name = RecordedTest.swift; path = Tests/Recorded/RecordedTest.swift; sourceTree = "<group>"; };
		926794FA1D061968004B0BCD /* SubscribeCluster.swift */ = {isa = PBXFileReference; fileEncoding = 4; lastKnownFileType = sourcecode.swift; name = SubscribeCluster.swift; path = Tests/SubscribeCluster/SubscribeCluster.swift; sourceTree = "<group>"; };
		926794FC1D061983004B0BCD /* SubscribeRemoteCallTest.swift */ = {isa = PBXFileReference; fileEncoding = 4; lastKnownFileType = sourcecode.swift; name = SubscribeRemoteCallTest.swift; path = Tests/RemoteCall/SubscribeRemoteCallTest.swift; sourceTree = "<group>"; };
		926794FE1D06199E004B0BCD /* TwoWayTest.swift */ = {isa = PBXFileReference; fileEncoding = 4; lastKnownFileType = sourcecode.swift; name = TwoWayTest.swift; path = Tests/TwoWay/TwoWayTest.swift; sourceTree = "<group>"; };
		926EB65F224D3C8200715EF7 /* PublishEncryptedTest.swift */ = {isa = PBXFileReference; fileEncoding = 4; lastKnownFileType = sourcecode.swift; name = PublishEncryptedTest.swift; path = Tests/PublishEncrypted/PublishEncryptedTest.swift; sourceTree = "<group>"; };
		926EB661224D475900715EF7 /* SubscribeEncryptedTest.swift */ = {isa = PBXFileReference; fileEncoding = 4; lastKnownFileType = sourcecode.swift; name = SubscribeEncryptedTest.swift; path = Tests/SubscribeEncrypted/SubscribeEncryptedTest.swift; sourceTree = "<group>"; };
		926EB663224D477800715EF7 /* SubscribeMetalViewTest.swift */ = {isa = PBXFileReference; fileEncoding = 4; lastKnownFileType = sourcecode.swift; name = SubscribeMetalViewTest.swift; path = Tests/SubscribeMetalView/SubscribeMetalViewTest.swift; sourceTree = "<group>"; };
		926EB665224D4AA800715EF7 /* SubscribeMuteTest.swift */ = {isa = PBXFileReference; fileEncoding = 4; lastKnownFileType = sourcecode.swift; name = SubscribeMuteTest.swift; path = Tests/SubscribeMuteAudio/SubscribeMuteTest.swift; sourceTree = "<group>"; };
		926EB667224D4AB300715EF7 /* SubscribeSetVolumeTest.swift */ = {isa = PBXFileReference; fileEncoding = 4; lastKnownFileType = sourcecode.swift; name = SubscribeSetVolumeTest.swift; path = Tests/SubscribeSetVolume/SubscribeSetVolumeTest.swift; sourceTree = "<group>"; };
		9278C9AB2098B09300861C79 /* SubscribeAudioDelayTest.swift */ = {isa = PBXFileReference; fileEncoding = 4; lastKnownFileType = sourcecode.swift; name = SubscribeAudioDelayTest.swift; path = Tests/SubscribeAudioDelay/SubscribeAudioDelayTest.swift; sourceTree = "<group>"; };
		9278C9AF2098E1BE00861C79 /* PublishBackgroundTest.swift */ = {isa = PBXFileReference; fileEncoding = 4; lastKnownFileType = sourcecode.swift; name = PublishBackgroundTest.swift; path = Tests/PublishBackground/PublishBackgroundTest.swift; sourceTree = "<group>"; };
		9279C5FB226628F10046B6DD /* AVAudioSessionSuplement.h */ = {isa = PBXFileReference; fileEncoding = 4; lastKnownFileType = sourcecode.c.h; path = AVAudioSessionSuplement.h; sourceTree = "<group>"; };
		9279C5FC226628F10046B6DD /* AVAudioSessionSuplement.m */ = {isa = PBXFileReference; fileEncoding = 4; lastKnownFileType = sourcecode.c.objc; path = AVAudioSessionSuplement.m; sourceTree = "<group>"; };
		927C86E72253FD3B00094096 /* PublishAVCategoryTest.swift */ = {isa = PBXFileReference; fileEncoding = 4; lastKnownFileType = sourcecode.swift; name = PublishAVCategoryTest.swift; path = Tests/PublishAVCategory/PublishAVCategoryTest.swift; sourceTree = "<group>"; };
		927FA28920EBCD2D00F16228 /* TwoWayStreamManagerTest.swift */ = {isa = PBXFileReference; fileEncoding = 4; lastKnownFileType = sourcecode.swift; name = TwoWayStreamManagerTest.swift; path = Tests/TwoWayStreamManager/TwoWayStreamManagerTest.swift; sourceTree = "<group>"; };
		928B1CBC1CBC0DC5002C66BA /* SubscribeStreamManagerTest.swift */ = {isa = PBXFileReference; fileEncoding = 4; lastKnownFileType = sourcecode.swift; name = SubscribeStreamManagerTest.swift; path = Tests/SubscribeStreamManager/SubscribeStreamManagerTest.swift; sourceTree = "<group>"; };
		92A642E2200D40AC00882600 /* PublishAspectTest.swift */ = {isa = PBXFileReference; fileEncoding = 4; lastKnownFileType = sourcecode.swift; name = PublishAspectTest.swift; path = Tests/PublishAspect/PublishAspectTest.swift; sourceTree = "<group>"; };
		92A642E4200D416500882600 /* SubscribeBackgroundTest.swift */ = {isa = PBXFileReference; fileEncoding = 4; lastKnownFileType = sourcecode.swift; name = SubscribeBackgroundTest.swift; path = Tests/SubscribeBackground/SubscribeBackgroundTest.swift; sourceTree = "<group>"; };
		92B54DCD2146D766001B0EE3 /* libc++.tbd */ = {isa = PBXFileReference; lastKnownFileType = "sourcecode.text-based-dylib-definition"; name = "libc++.tbd"; path = "usr/lib/libc++.tbd"; sourceTree = SDKROOT; };
		92BF53F223E87300005E6D7D /* SharedObjectStreamlessTest.swift */ = {isa = PBXFileReference; fileEncoding = 4; lastKnownFileType = sourcecode.swift; name = SharedObjectStreamlessTest.swift; path = Tests/SharedObjectStreamless/SharedObjectStreamlessTest.swift; sourceTree = "<group>"; };
		92BF53F423E87314005E6D7D /* Subscribe360Test.swift */ = {isa = PBXFileReference; fileEncoding = 4; lastKnownFileType = sourcecode.swift; name = Subscribe360Test.swift; path = Tests/Subscribe360/Subscribe360Test.swift; sourceTree = "<group>"; };
		92BF53F623E8733A005E6D7D /* Custom360VideoViewCamera.swift */ = {isa = PBXFileReference; fileEncoding = 4; lastKnownFileType = sourcecode.swift; name = Custom360VideoViewCamera.swift; path = Tests/Subscribe360/Custom360VideoViewCamera.swift; sourceTree = "<group>"; };
		92BF53F723E8733A005E6D7D /* Custom360VideoViewRendererEngine.swift */ = {isa = PBXFileReference; fileEncoding = 4; lastKnownFileType = sourcecode.swift; name = Custom360VideoViewRendererEngine.swift; path = Tests/Subscribe360/Custom360VideoViewRendererEngine.swift; sourceTree = "<group>"; };
		92BF53F823E8733A005E6D7D /* Custom360VideoViewRenderer.swift */ = {isa = PBXFileReference; fileEncoding = 4; lastKnownFileType = sourcecode.swift; name = Custom360VideoViewRenderer.swift; path = Tests/Subscribe360/Custom360VideoViewRenderer.swift; sourceTree = "<group>"; };
		92BF53FC23E87357005E6D7D /* SubscribeHardwareAccelerationTest.swift */ = {isa = PBXFileReference; fileEncoding = 4; lastKnownFileType = sourcecode.swift; name = SubscribeHardwareAccelerationTest.swift; path = Tests/SubscribeHardwareAcceleration/SubscribeHardwareAccelerationTest.swift; sourceTree = "<group>"; };
		92BF53FE23E87374005E6D7D /* SubscribeForceRGBScalarTest.swift */ = {isa = PBXFileReference; fileEncoding = 4; lastKnownFileType = sourcecode.swift; name = SubscribeForceRGBScalarTest.swift; path = Tests/SubscribeForceRGBScalar/SubscribeForceRGBScalarTest.swift; sourceTree = "<group>"; };
		92BF540023E87384005E6D7D /* SubscribeStreamManagerTranscoderTest.swift */ = {isa = PBXFileReference; fileEncoding = 4; lastKnownFileType = sourcecode.swift; name = SubscribeStreamManagerTranscoderTest.swift; path = Tests/SubscribeStreamManagerTranscoder/SubscribeStreamManagerTranscoderTest.swift; sourceTree = "<group>"; };
		92BF540223E873B7005E6D7D /* SubscribeRendererSwapTest.swift */ = {isa = PBXFileReference; fileEncoding = 4; lastKnownFileType = sourcecode.swift; name = SubscribeRendererSwapTest.swift; path = Tests/SubscribeRendererSwap/SubscribeRendererSwapTest.swift; sourceTree = "<group>"; };
		92BF540423E87434005E6D7D /* PublishTranscoderForm.swift */ = {isa = PBXFileReference; fileEncoding = 4; lastKnownFileType = sourcecode.swift; name = PublishTranscoderForm.swift; path = Tests/PublishStreamManagerTranscode/PublishTranscoderForm.swift; sourceTree = "<group>"; };
		92CC78081CB6F8DD00CD4352 /* SubscribeTwoStreams.swift */ = {isa = PBXFileReference; fileEncoding = 4; lastKnownFileType = sourcecode.swift; name = SubscribeTwoStreams.swift; path = Tests/SubscribeTwoStreams/SubscribeTwoStreams.swift; sourceTree = "<group>"; };
		92D5293A261D9BB300B83626 /* PublishSocialPushTest.swift */ = {isa = PBXFileReference; fileEncoding = 4; lastKnownFileType = sourcecode.swift; name = PublishSocialPushTest.swift; path = Tests/PublishSocialPush/PublishSocialPushTest.swift; sourceTree = "<group>"; };
		92D5293D261D9BC300B83626 /* PublishStreamManagerSocialPush.swift */ = {isa = PBXFileReference; fileEncoding = 4; lastKnownFileType = sourcecode.swift; name = PublishStreamManagerSocialPush.swift; path = Tests/PublishStreamManagerSocialPush/PublishStreamManagerSocialPush.swift; sourceTree = "<group>"; };
		92D52940261D9C1B00B83626 /* SubscribeStreamManagerReconnectTest.swift */ = {isa = PBXFileReference; fileEncoding = 4; lastKnownFileType = sourcecode.swift; name = SubscribeStreamManagerReconnectTest.swift; path = Tests/SubscribeStreamManagerReconnect/SubscribeStreamManagerReconnectTest.swift; sourceTree = "<group>"; };
		92E13BF31CDD165800DA5783 /* SubscribeNoViewTest.swift */ = {isa = PBXFileReference; fileEncoding = 4; lastKnownFileType = sourcecode.swift; name = SubscribeNoViewTest.swift; path = Tests/SubscribeNoView/SubscribeNoViewTest.swift; sourceTree = "<group>"; };
		92EA19D91CE13717006B3A97 /* PublishCustomSourceTest.swift */ = {isa = PBXFileReference; fileEncoding = 4; lastKnownFileType = sourcecode.swift; name = PublishCustomSourceTest.swift; path = Tests/PublishCustomSource/PublishCustomSourceTest.swift; sourceTree = "<group>"; };
		92EA19DC1CE137DD006B3A97 /* CustomVideoSource.swift */ = {isa = PBXFileReference; fileEncoding = 4; lastKnownFileType = sourcecode.swift; name = CustomVideoSource.swift; path = Tests/PublishCustomSource/CustomVideoSource.swift; sourceTree = "<group>"; };
		92EAA9DA1D0734EA00B2CE46 /* SubscribeAutoReconnectTest.swift */ = {isa = PBXFileReference; fileEncoding = 4; lastKnownFileType = sourcecode.swift; name = SubscribeAutoReconnectTest.swift; path = Tests/SubscribeReconnect/SubscribeAutoReconnectTest.swift; sourceTree = "<group>"; };
		92EBEF01212F1B4E003B72FB /* BandwidthDetectionTest.swift */ = {isa = PBXFileReference; fileEncoding = 4; lastKnownFileType = sourcecode.swift; name = BandwidthDetectionTest.swift; path = Tests/BandwidthDetection/BandwidthDetectionTest.swift; sourceTree = "<group>"; };
		92EBEF03212F1B59003B72FB /* BandwidthDetectionDownloadOnlyTest.swift */ = {isa = PBXFileReference; fileEncoding = 4; lastKnownFileType = sourcecode.swift; name = BandwidthDetectionDownloadOnlyTest.swift; path = Tests/BandwidthDetectionDownloadOnly/BandwidthDetectionDownloadOnlyTest.swift; sourceTree = "<group>"; };
		92EBEF05212F1B63003B72FB /* SubscriberBandwidthTest.swift */ = {isa = PBXFileReference; fileEncoding = 4; lastKnownFileType = sourcecode.swift; name = SubscriberBandwidthTest.swift; path = Tests/SubscribeBandwidth/SubscriberBandwidthTest.swift; sourceTree = "<group>"; };
		92EBEF07212F1B6F003B72FB /* BandwidthDetectionUploadOnlyTest.swift */ = {isa = PBXFileReference; fileEncoding = 4; lastKnownFileType = sourcecode.swift; name = BandwidthDetectionUploadOnlyTest.swift; path = Tests/BandwidthDetectionUploadOnly/BandwidthDetectionUploadOnlyTest.swift; sourceTree = "<group>"; };
		E1878B941E578B8F00118560 /* tests.plist */ = {isa = PBXFileReference; fileEncoding = 4; lastKnownFileType = text.plist.xml; path = tests.plist; sourceTree = "<group>"; };
/* End PBXFileReference section */

/* Begin PBXFrameworksBuildPhase section */
		48DFEDA51C21BBC60040B624 /* Frameworks */ = {
			isa = PBXFrameworksBuildPhase;
			buildActionMask = 2147483647;
			files = (
				92B54DCE2146D766001B0EE3 /* libc++.tbd in Frameworks */,
				480C6B951F7BDE85009E943F /* libbz2.1.0.tbd in Frameworks */,
				480C6B931F7BDE7F009E943F /* VideoToolbox.framework in Frameworks */,
				487CDBC21E6E4401007FC4EA /* libz.tbd in Frameworks */,
				48DFEDD31C21BF370040B624 /* libiconv.2.4.0.tbd in Frameworks */,
				48DFEDD91C21C5940040B624 /* OpenAL.framework in Frameworks */,
				48DFEDD11C21BF320040B624 /* QuartzCore.framework in Frameworks */,
				48DFEDCF1C21BF2D0040B624 /* CoreFoundation.framework in Frameworks */,
				92F9A0681D020BA100F49644 /* R5Streaming.framework in Frameworks */,
			);
			runOnlyForDeploymentPostprocessing = 0;
		};
/* End PBXFrameworksBuildPhase section */

/* Begin PBXGroup section */
		487CDBC01E6E4401007FC4EA /* Frameworks */ = {
			isa = PBXGroup;
			children = (
				92B54DCD2146D766001B0EE3 /* libc++.tbd */,
				480C6B941F7BDE85009E943F /* libbz2.1.0.tbd */,
				480C6B921F7BDE7F009E943F /* VideoToolbox.framework */,
				487CDBC11E6E4401007FC4EA /* libz.tbd */,
			);
			name = Frameworks;
			sourceTree = "<group>";
		};
		48BF80AF1C245D0B000E996E /* Resources */ = {
			isa = PBXGroup;
			children = (
				48BF80B01C245D29000E996E /* Info-100.png */,
			);
			name = Resources;
			sourceTree = "<group>";
		};
		48DFED9F1C21BBC60040B624 = {
			isa = PBXGroup;
			children = (
				48DFEDD81C21C5940040B624 /* OpenAL.framework */,
				48DFEDD21C21BF370040B624 /* libiconv.2.4.0.tbd */,
				48DFEDD01C21BF320040B624 /* QuartzCore.framework */,
				48DFEDCE1C21BF2D0040B624 /* CoreFoundation.framework */,
				48DFEDC51C21BBDB0040B624 /* R5Streaming.framework */,
				48DFEDAA1C21BBC60040B624 /* R5ProTestbed */,
				48BF80AF1C245D0B000E996E /* Resources */,
				48DFEDA91C21BBC60040B624 /* Products */,
				487CDBC01E6E4401007FC4EA /* Frameworks */,
			);
			sourceTree = "<group>";
		};
		48DFEDA91C21BBC60040B624 /* Products */ = {
			isa = PBXGroup;
			children = (
				48DFEDA81C21BBC60040B624 /* R5ProTestbed.app */,
			);
			name = Products;
			sourceTree = "<group>";
		};
		48DFEDAA1C21BBC60040B624 /* R5ProTestbed */ = {
			isa = PBXGroup;
			children = (
				92EA19DB1CE1375A006B3A97 /* Utilities */,
				4874D5A11C221CD000A98102 /* ALToastView.h */,
				4874D5A21C221CD000A98102 /* ALToastView.m */,
				48DFEDD41C21C18F0040B624 /* Home.swift */,
				48DFEDC91C21BE0B0040B624 /* Tests */,
				48DFEDAB1C21BBC60040B624 /* AppDelegate.swift */,
				48DFEDAD1C21BBC60040B624 /* MasterViewController.swift */,
				48DFEDAF1C21BBC60040B624 /* DetailViewController.swift */,
				48DFEDB11C21BBC60040B624 /* Main.storyboard */,
				48DFEDB41C21BBC60040B624 /* Assets.xcassets */,
				48DFEDB61C21BBC60040B624 /* LaunchScreen.storyboard */,
				48DFEDB91C21BBC60040B624 /* Info.plist */,
				48DFEDDE1C21EA780040B624 /* Testbed.swift */,
				E1878B941E578B8F00118560 /* tests.plist */,
				4874D5A01C221CCF00A98102 /* R5ProTestbed-Bridging-Header.h */,
			);
			path = R5ProTestbed;
			sourceTree = "<group>";
		};
		48DFEDC91C21BE0B0040B624 /* Tests */ = {
			isa = PBXGroup;
			children = (
				48DFEDD61C21C2540040B624 /* BaseTest.swift */,
				48DFEDCC1C21BF0A0040B624 /* PublishTest.swift */,
				4874D59E1C221B9500A98102 /* AdaptiveBitrateControllerTest.swift */,
				92A642E2200D40AC00882600 /* PublishAspectTest.swift */,
				481B156C1EB380F20038A187 /* PublishAuthTest.swift */,
				927C86E72253FD3B00094096 /* PublishAVCategoryTest.swift */,
				9278C9AF2098E1BE00861C79 /* PublishBackgroundTest.swift */,
				480A8793221EA8A500474724 /* PublishTelephonyInterruptTest.swift */,
				92EBEF07212F1B6F003B72FB /* BandwidthDetectionUploadOnlyTest.swift */,
				925516F722F0CBAC00604D57 /* PublishCameraDeviceOrientationTest.swift */,
				485345081C23552F00D409F3 /* CameraSwapTest.swift */,
				92EA19D91CE13717006B3A97 /* PublishCustomSourceTest.swift */,
				482282581E4E47C80073F26C /* PublishDeviceOrientationTest.swift */,
				926EB65F224D3C8200715EF7 /* PublishEncryptedTest.swift */,
				487C888E1F2F8AB2004157B6 /* PublishHQAudioTest.swift */,
				9209F4A81F7EE38500A90080 /* PublishLocalRecordTest.swift */,
				48BF80AD1C245AA7000E996E /* PublishOrientationTest.swift */,
				4838028D1E4115130098F5B7 /* PublishPauseTest.swift */,
				926794F81D061942004B0BCD /* RecordedTest.swift */,
				481B15741EB390600038A187 /* PublishSendTest.swift */,
				92D5293A261D9BB300B83626 /* PublishSocialPushTest.swift */,
				485345061C23528400D409F3 /* PublishStreamImageTest.swift */,
				926794F41D061900004B0BCD /* PublishRemoteCallTest.swift */,
				926794F61D06191E004B0BCD /* PublishStreamManagerTest.swift */,
				925516F922F0CBF300604D57 /* PublishSMEncryptedTest.swift */,
				92D5293D261D9BC300B83626 /* PublishStreamManagerSocialPush.swift */,
				48A7171A210A275C007C4AF7 /* PublishStreamManagerTranscodeTest.swift */,
				925516FB22F0CC3100604D57 /* PublishTelephonyInterruptTest.swift */,
				48B79AE720C6E94E00AAE4E2 /* PublishZoomableTest.swift */,
				487CDBC31E6F1A39007FC4EA /* SharedObjectTest.swift */,
				92BF53F223E87300005E6D7D /* SharedObjectStreamlessTest.swift */,
				4874D59C1C2216DB00A98102 /* SubscribeTest.swift */,
				92BF53F423E87314005E6D7D /* Subscribe360Test.swift */,
				48BF80B21C246F6D000E996E /* SubscribeAspectRatioTest.swift */,
				9278C9AB2098B09300861C79 /* SubscribeAudioDelayTest.swift */,
				481B156E1EB380FE0038A187 /* SubscribeAuthTest.swift */,
				92EAA9DA1D0734EA00B2CE46 /* SubscribeAutoReconnectTest.swift */,
				92A642E4200D416500882600 /* SubscribeBackgroundTest.swift */,
				92BF540023E87384005E6D7D /* SubscribeStreamManagerTranscoderTest.swift */,
				92D52940261D9C1B00B83626 /* SubscribeStreamManagerReconnectTest.swift */,
				480A8795221ED82D00474724 /* SubscribeTelephonyInterruptTest.swift */,
				92EBEF05212F1B63003B72FB /* SubscriberBandwidthTest.swift */,
				92EBEF03212F1B59003B72FB /* BandwidthDetectionDownloadOnlyTest.swift */,
				92EBEF01212F1B4E003B72FB /* BandwidthDetectionTest.swift */,
				926794FA1D061968004B0BCD /* SubscribeCluster.swift */,
				926EB661224D475900715EF7 /* SubscribeEncryptedTest.swift */,
				92BF53FE23E87374005E6D7D /* SubscribeForceRGBScalarTest.swift */,
				92BF53FC23E87357005E6D7D /* SubscribeHardwareAccelerationTest.swift */,
				926EB663224D477800715EF7 /* SubscribeMetalViewTest.swift */,
				926EB665224D4AA800715EF7 /* SubscribeMuteTest.swift */,
				92E13BF31CDD165800DA5783 /* SubscribeNoViewTest.swift */,
				481B15751EB390600038A187 /* SubscribeReceiveSendTest.swift */,
				926794FC1D061983004B0BCD /* SubscribeRemoteCallTest.swift */,
				92BF540223E873B7005E6D7D /* SubscribeRendererSwapTest.swift */,
				48BB1D801CED140D00D915E5 /* SubscribeSetSizeTest.swift */,
				926EB667224D4AB300715EF7 /* SubscribeSetVolumeTest.swift */,
				4874ECCF1C483FDA002BDA6D /* SubscribeStreamImageTest.swift */,
				928B1CBC1CBC0DC5002C66BA /* SubscribeStreamManagerTest.swift */,
				925516FD22F0CC4100604D57 /* SubscribeSMEncryptedTest.swift */,
				925516FF22F0CC4D00604D57 /* SubscribeTelephonyInterruptTest.swift */,
				92CC78081CB6F8DD00CD4352 /* SubscribeTwoStreams.swift */,
				926794FE1D06199E004B0BCD /* TwoWayTest.swift */,
				927FA28920EBCD2D00F16228 /* TwoWayStreamManagerTest.swift */,
				483F558F24CB35DF00DB1D0C /* ConferenceTest.swift */,
				483F558E24CB35DF00DB1D0C /* ConferenceViewController.swift */,
			);
			name = Tests;
			sourceTree = "<group>";
		};
		92EA19DB1CE1375A006B3A97 /* Utilities */ = {
			isa = PBXGroup;
			children = (
				92BF53F623E8733A005E6D7D /* Custom360VideoViewCamera.swift */,
				92BF53F823E8733A005E6D7D /* Custom360VideoViewRenderer.swift */,
				92BF53F723E8733A005E6D7D /* Custom360VideoViewRendererEngine.swift */,
				9279C5FB226628F10046B6DD /* AVAudioSessionSuplement.h */,
				9279C5FC226628F10046B6DD /* AVAudioSessionSuplement.m */,
				92EA19DC1CE137DD006B3A97 /* CustomVideoSource.swift */,
				92BF540423E87434005E6D7D /* PublishTranscoderForm.swift */,
			);
			name = Utilities;
			sourceTree = "<group>";
		};
/* End PBXGroup section */

/* Begin PBXNativeTarget section */
		48DFEDA71C21BBC60040B624 /* R5ProTestbed */ = {
			isa = PBXNativeTarget;
			buildConfigurationList = 48DFEDBC1C21BBC60040B624 /* Build configuration list for PBXNativeTarget "R5ProTestbed" */;
			buildPhases = (
				48DFEDA41C21BBC60040B624 /* Sources */,
				48DFEDA51C21BBC60040B624 /* Frameworks */,
				48DFEDA61C21BBC60040B624 /* Resources */,
			);
			buildRules = (
			);
			dependencies = (
			);
			name = R5ProTestbed;
			productName = R5ProTestbed;
			productReference = 48DFEDA81C21BBC60040B624 /* R5ProTestbed.app */;
			productType = "com.apple.product-type.application";
		};
/* End PBXNativeTarget section */

/* Begin PBXProject section */
		48DFEDA01C21BBC60040B624 /* Project object */ = {
			isa = PBXProject;
			attributes = {
				LastSwiftUpdateCheck = 0720;
				LastUpgradeCheck = 0720;
				ORGANIZATIONNAME = Infrared5;
				TargetAttributes = {
					48DFEDA71C21BBC60040B624 = {
						CreatedOnToolsVersion = 7.2;
						DevelopmentTeam = E964K44BWW;
						LastSwiftMigration = 0800;
						SystemCapabilities = {
							com.apple.BackgroundModes = {
								enabled = 1;
							};
						};
					};
				};
			};
			buildConfigurationList = 48DFEDA31C21BBC60040B624 /* Build configuration list for PBXProject "R5ProTestbed" */;
			compatibilityVersion = "Xcode 3.2";
			developmentRegion = English;
			hasScannedForEncodings = 0;
			knownRegions = (
				English,
				en,
				Base,
			);
			mainGroup = 48DFED9F1C21BBC60040B624;
			productRefGroup = 48DFEDA91C21BBC60040B624 /* Products */;
			projectDirPath = "";
			projectRoot = "";
			targets = (
				48DFEDA71C21BBC60040B624 /* R5ProTestbed */,
			);
		};
/* End PBXProject section */

/* Begin PBXResourcesBuildPhase section */
		48DFEDA61C21BBC60040B624 /* Resources */ = {
			isa = PBXResourcesBuildPhase;
			buildActionMask = 2147483647;
			files = (
				48DFEDB81C21BBC60040B624 /* LaunchScreen.storyboard in Resources */,
				E1878B951E578B8F00118560 /* tests.plist in Resources */,
				48DFEDB51C21BBC60040B624 /* Assets.xcassets in Resources */,
				48BF80B11C245D29000E996E /* Info-100.png in Resources */,
				48DFEDB31C21BBC60040B624 /* Main.storyboard in Resources */,
			);
			runOnlyForDeploymentPostprocessing = 0;
		};
/* End PBXResourcesBuildPhase section */

/* Begin PBXSourcesBuildPhase section */
		48DFEDA41C21BBC60040B624 /* Sources */ = {
			isa = PBXSourcesBuildPhase;
			buildActionMask = 2147483647;
			files = (
				92A642E5200D416600882600 /* SubscribeBackgroundTest.swift in Sources */,
				483F559124CB35DF00DB1D0C /* ConferenceTest.swift in Sources */,
				48DFEDB01C21BBC60040B624 /* DetailViewController.swift in Sources */,
				481B15761EB390600038A187 /* PublishSendTest.swift in Sources */,
				48BF80B31C246F6D000E996E /* SubscribeAspectRatioTest.swift in Sources */,
				9209F4A91F7EE38500A90080 /* PublishLocalRecordTest.swift in Sources */,
				9278C9B02098E1BE00861C79 /* PublishBackgroundTest.swift in Sources */,
				4874D5A31C221CD000A98102 /* ALToastView.m in Sources */,
				48DFEDAE1C21BBC60040B624 /* MasterViewController.swift in Sources */,
				925516FE22F0CC4100604D57 /* SubscribeSMEncryptedTest.swift in Sources */,
				925516FA22F0CBF300604D57 /* PublishSMEncryptedTest.swift in Sources */,
				92BF53F923E8733A005E6D7D /* Custom360VideoViewCamera.swift in Sources */,
				92CC78091CB6F8DD00CD4352 /* SubscribeTwoStreams.swift in Sources */,
				92BF53FD23E87357005E6D7D /* SubscribeHardwareAccelerationTest.swift in Sources */,
				92E13BF41CDD165800DA5783 /* SubscribeNoViewTest.swift in Sources */,
				92BF53F523E87314005E6D7D /* Subscribe360Test.swift in Sources */,
				926EB666224D4AA800715EF7 /* SubscribeMuteTest.swift in Sources */,
				926794FF1D06199E004B0BCD /* TwoWayTest.swift in Sources */,
				92A642E3200D40AC00882600 /* PublishAspectTest.swift in Sources */,
				48DFEDD51C21C18F0040B624 /* Home.swift in Sources */,
				92EBEF06212F1B64003B72FB /* SubscriberBandwidthTest.swift in Sources */,
				926794FD1D061983004B0BCD /* SubscribeRemoteCallTest.swift in Sources */,
				480A8794221EA8A500474724 /* PublishTelephonyInterruptTest.swift in Sources */,
				92BF53F323E87301005E6D7D /* SharedObjectStreamlessTest.swift in Sources */,
				4874D59F1C221B9500A98102 /* AdaptiveBitrateControllerTest.swift in Sources */,
				48DFEDAC1C21BBC60040B624 /* AppDelegate.swift in Sources */,
				92BF53FA23E8733A005E6D7D /* Custom360VideoViewRendererEngine.swift in Sources */,
				48B79AE820C6E94E00AAE4E2 /* PublishZoomableTest.swift in Sources */,
				48DFEDDF1C21EA780040B624 /* Testbed.swift in Sources */,
				9255170022F0CC4D00604D57 /* SubscribeTelephonyInterruptTest.swift in Sources */,
				92BF540323E873B7005E6D7D /* SubscribeRendererSwapTest.swift in Sources */,
				92BF540523E87434005E6D7D /* PublishTranscoderForm.swift in Sources */,
				92D5293E261D9BC300B83626 /* PublishStreamManagerSocialPush.swift in Sources */,
				487C888F1F2F8AB2004157B6 /* PublishHQAudioTest.swift in Sources */,
				48BF80AE1C245AA7000E996E /* PublishOrientationTest.swift in Sources */,
				92EA19DD1CE137DD006B3A97 /* CustomVideoSource.swift in Sources */,
				92EBEF08212F1B6F003B72FB /* BandwidthDetectionUploadOnlyTest.swift in Sources */,
				480A8796221ED82D00474724 /* SubscribeTelephonyInterruptTest.swift in Sources */,
				9278C9AC2098B09300861C79 /* SubscribeAudioDelayTest.swift in Sources */,
				926794FB1D061968004B0BCD /* SubscribeCluster.swift in Sources */,
				927C86E82253FD3B00094096 /* PublishAVCategoryTest.swift in Sources */,
				927FA28A20EBCD2D00F16228 /* TwoWayStreamManagerTest.swift in Sources */,
				926794F51D061900004B0BCD /* PublishRemoteCallTest.swift in Sources */,
				4874ECD01C483FDA002BDA6D /* SubscribeStreamImageTest.swift in Sources */,
				485345091C23552F00D409F3 /* CameraSwapTest.swift in Sources */,
				92EA19DA1CE13717006B3A97 /* PublishCustomSourceTest.swift in Sources */,
				481B156F1EB380FE0038A187 /* SubscribeAuthTest.swift in Sources */,
				4838028E1E4115130098F5B7 /* PublishPauseTest.swift in Sources */,
				483F559024CB35DF00DB1D0C /* ConferenceViewController.swift in Sources */,
				482282591E4E47C80073F26C /* PublishDeviceOrientationTest.swift in Sources */,
				926EB668224D4AB300715EF7 /* SubscribeSetVolumeTest.swift in Sources */,
				48DFEDD71C21C2540040B624 /* BaseTest.swift in Sources */,
				9279C5FD226628F10046B6DD /* AVAudioSessionSuplement.m in Sources */,
				926794F91D061942004B0BCD /* RecordedTest.swift in Sources */,
				92BF540123E87384005E6D7D /* SubscribeStreamManagerTranscoderTest.swift in Sources */,
				487CDBC41E6F1A39007FC4EA /* SharedObjectTest.swift in Sources */,
				48DFEDCD1C21BF0A0040B624 /* PublishTest.swift in Sources */,
				92BF53FF23E87374005E6D7D /* SubscribeForceRGBScalarTest.swift in Sources */,
				926EB660224D3C8300715EF7 /* PublishEncryptedTest.swift in Sources */,
				926EB664224D477800715EF7 /* SubscribeMetalViewTest.swift in Sources */,
				92BF53FB23E8733A005E6D7D /* Custom360VideoViewRenderer.swift in Sources */,
				481B156D1EB380F20038A187 /* PublishAuthTest.swift in Sources */,
				92EBEF04212F1B59003B72FB /* BandwidthDetectionDownloadOnlyTest.swift in Sources */,
				925516FC22F0CC3100604D57 /* PublishTelephonyInterruptTest.swift in Sources */,
				92EAA9DB1D0734EA00B2CE46 /* SubscribeAutoReconnectTest.swift in Sources */,
				928B1CBD1CBC0DC5002C66BA /* SubscribeStreamManagerTest.swift in Sources */,
				4874D59D1C2216DB00A98102 /* SubscribeTest.swift in Sources */,
				92D52941261D9C1B00B83626 /* SubscribeStreamManagerReconnectTest.swift in Sources */,
				926EB662224D475A00715EF7 /* SubscribeEncryptedTest.swift in Sources */,
				48BB1D811CED140D00D915E5 /* SubscribeSetSizeTest.swift in Sources */,
				485345071C23528400D409F3 /* PublishStreamImageTest.swift in Sources */,
				926794F71D06191E004B0BCD /* PublishStreamManagerTest.swift in Sources */,
				481B15771EB390600038A187 /* SubscribeReceiveSendTest.swift in Sources */,
				48A7171B210A275C007C4AF7 /* PublishStreamManagerTranscodeTest.swift in Sources */,
				92EBEF02212F1B4E003B72FB /* BandwidthDetectionTest.swift in Sources */,
				925516F822F0CBAC00604D57 /* PublishCameraDeviceOrientationTest.swift in Sources */,
				92D5293B261D9BB300B83626 /* PublishSocialPushTest.swift in Sources */,
			);
			runOnlyForDeploymentPostprocessing = 0;
		};
/* End PBXSourcesBuildPhase section */

/* Begin PBXVariantGroup section */
		48DFEDB11C21BBC60040B624 /* Main.storyboard */ = {
			isa = PBXVariantGroup;
			children = (
				48DFEDB21C21BBC60040B624 /* Base */,
			);
			name = Main.storyboard;
			sourceTree = "<group>";
		};
		48DFEDB61C21BBC60040B624 /* LaunchScreen.storyboard */ = {
			isa = PBXVariantGroup;
			children = (
				48DFEDB71C21BBC60040B624 /* Base */,
			);
			name = LaunchScreen.storyboard;
			sourceTree = "<group>";
		};
/* End PBXVariantGroup section */

/* Begin XCBuildConfiguration section */
		48DFEDBA1C21BBC60040B624 /* Debug */ = {
			isa = XCBuildConfiguration;
			buildSettings = {
				ALWAYS_SEARCH_USER_PATHS = NO;
				CLANG_CXX_LANGUAGE_STANDARD = "gnu++0x";
				CLANG_CXX_LIBRARY = "libc++";
				CLANG_ENABLE_MODULES = YES;
				CLANG_ENABLE_OBJC_ARC = YES;
				CLANG_WARN_BOOL_CONVERSION = YES;
				CLANG_WARN_CONSTANT_CONVERSION = YES;
				CLANG_WARN_DIRECT_OBJC_ISA_USAGE = YES_ERROR;
				CLANG_WARN_EMPTY_BODY = YES;
				CLANG_WARN_ENUM_CONVERSION = YES;
				CLANG_WARN_INT_CONVERSION = YES;
				CLANG_WARN_OBJC_ROOT_CLASS = YES_ERROR;
				CLANG_WARN_UNREACHABLE_CODE = YES;
				CLANG_WARN__DUPLICATE_METHOD_MATCH = YES;
				"CODE_SIGN_IDENTITY[sdk=iphoneos*]" = "iPhone Developer";
				COPY_PHASE_STRIP = NO;
				DEBUG_INFORMATION_FORMAT = dwarf;
				ENABLE_STRICT_OBJC_MSGSEND = YES;
				ENABLE_TESTABILITY = YES;
				GCC_C_LANGUAGE_STANDARD = gnu99;
				GCC_DYNAMIC_NO_PIC = NO;
				GCC_NO_COMMON_BLOCKS = YES;
				GCC_OPTIMIZATION_LEVEL = 0;
				GCC_PREPROCESSOR_DEFINITIONS = (
					"DEBUG=1",
					"$(inherited)",
				);
				GCC_WARN_64_TO_32_BIT_CONVERSION = YES;
				GCC_WARN_ABOUT_RETURN_TYPE = YES_ERROR;
				GCC_WARN_UNDECLARED_SELECTOR = YES;
				GCC_WARN_UNINITIALIZED_AUTOS = YES_AGGRESSIVE;
				GCC_WARN_UNUSED_FUNCTION = YES;
				GCC_WARN_UNUSED_VARIABLE = YES;
				IPHONEOS_DEPLOYMENT_TARGET = 9.2;
				MTL_ENABLE_DEBUG_INFO = YES;
				ONLY_ACTIVE_ARCH = YES;
				SDKROOT = iphoneos;
				SWIFT_OPTIMIZATION_LEVEL = "-Onone";
				TARGETED_DEVICE_FAMILY = "1,2";
			};
			name = Debug;
		};
		48DFEDBB1C21BBC60040B624 /* Release */ = {
			isa = XCBuildConfiguration;
			buildSettings = {
				ALWAYS_SEARCH_USER_PATHS = NO;
				CLANG_CXX_LANGUAGE_STANDARD = "gnu++0x";
				CLANG_CXX_LIBRARY = "libc++";
				CLANG_ENABLE_MODULES = YES;
				CLANG_ENABLE_OBJC_ARC = YES;
				CLANG_WARN_BOOL_CONVERSION = YES;
				CLANG_WARN_CONSTANT_CONVERSION = YES;
				CLANG_WARN_DIRECT_OBJC_ISA_USAGE = YES_ERROR;
				CLANG_WARN_EMPTY_BODY = YES;
				CLANG_WARN_ENUM_CONVERSION = YES;
				CLANG_WARN_INT_CONVERSION = YES;
				CLANG_WARN_OBJC_ROOT_CLASS = YES_ERROR;
				CLANG_WARN_UNREACHABLE_CODE = YES;
				CLANG_WARN__DUPLICATE_METHOD_MATCH = YES;
				"CODE_SIGN_IDENTITY[sdk=iphoneos*]" = "iPhone Developer";
				COPY_PHASE_STRIP = NO;
				DEBUG_INFORMATION_FORMAT = "dwarf-with-dsym";
				ENABLE_NS_ASSERTIONS = NO;
				ENABLE_STRICT_OBJC_MSGSEND = YES;
				GCC_C_LANGUAGE_STANDARD = gnu99;
				GCC_NO_COMMON_BLOCKS = YES;
				GCC_WARN_64_TO_32_BIT_CONVERSION = YES;
				GCC_WARN_ABOUT_RETURN_TYPE = YES_ERROR;
				GCC_WARN_UNDECLARED_SELECTOR = YES;
				GCC_WARN_UNINITIALIZED_AUTOS = YES_AGGRESSIVE;
				GCC_WARN_UNUSED_FUNCTION = YES;
				GCC_WARN_UNUSED_VARIABLE = YES;
				IPHONEOS_DEPLOYMENT_TARGET = 9.2;
				MTL_ENABLE_DEBUG_INFO = NO;
				SDKROOT = iphoneos;
				TARGETED_DEVICE_FAMILY = "1,2";
				VALIDATE_PRODUCT = YES;
			};
			name = Release;
		};
		48DFEDBD1C21BBC60040B624 /* Debug */ = {
			isa = XCBuildConfiguration;
			buildSettings = {
				ARCHS = "$(ARCHS_STANDARD)";
				ASSETCATALOG_COMPILER_APPICON_NAME = AppIcon;
				CLANG_ENABLE_MODULES = YES;
				DEVELOPMENT_TEAM = E964K44BWW;
				ENABLE_BITCODE = NO;
				FRAMEWORK_SEARCH_PATHS = (
					"$(inherited)",
					"$(PROJECT_DIR)/R5ProTestbed",
				);
				INFOPLIST_FILE = R5ProTestbed/Info.plist;
				IPHONEOS_DEPLOYMENT_TARGET = 8.0;
				LD_RUNPATH_SEARCH_PATHS = "$(inherited) @executable_path/Frameworks";
				PRODUCT_BUNDLE_IDENTIFIER = com.infrared5.R5ProTestbed;
				PRODUCT_NAME = "$(TARGET_NAME)";
				SWIFT_OBJC_BRIDGING_HEADER = "R5ProTestbed/R5ProTestbed-Bridging-Header.h";
				SWIFT_OPTIMIZATION_LEVEL = "-Onone";
				SWIFT_VERSION = 4.2;
				VALID_ARCHS = "armv7 armv7s arm64";
			};
			name = Debug;
		};
		48DFEDBE1C21BBC60040B624 /* Release */ = {
			isa = XCBuildConfiguration;
			buildSettings = {
				ARCHS = "$(ARCHS_STANDARD)";
				ASSETCATALOG_COMPILER_APPICON_NAME = AppIcon;
				CLANG_ENABLE_MODULES = YES;
				DEVELOPMENT_TEAM = E964K44BWW;
				ENABLE_BITCODE = NO;
				FRAMEWORK_SEARCH_PATHS = (
					"$(inherited)",
					"$(PROJECT_DIR)/R5ProTestbed",
				);
				INFOPLIST_FILE = R5ProTestbed/Info.plist;
				IPHONEOS_DEPLOYMENT_TARGET = 8.0;
				LD_RUNPATH_SEARCH_PATHS = "$(inherited) @executable_path/Frameworks";
				PRODUCT_BUNDLE_IDENTIFIER = com.infrared5.R5ProTestbed;
				PRODUCT_NAME = "$(TARGET_NAME)";
				SWIFT_OBJC_BRIDGING_HEADER = "R5ProTestbed/R5ProTestbed-Bridging-Header.h";
				SWIFT_VERSION = 4.2;
				VALID_ARCHS = "armv7 armv7s arm64";
			};
			name = Release;
		};
/* End XCBuildConfiguration section */

/* Begin XCConfigurationList section */
		48DFEDA31C21BBC60040B624 /* Build configuration list for PBXProject "R5ProTestbed" */ = {
			isa = XCConfigurationList;
			buildConfigurations = (
				48DFEDBA1C21BBC60040B624 /* Debug */,
				48DFEDBB1C21BBC60040B624 /* Release */,
			);
			defaultConfigurationIsVisible = 0;
			defaultConfigurationName = Release;
		};
		48DFEDBC1C21BBC60040B624 /* Build configuration list for PBXNativeTarget "R5ProTestbed" */ = {
			isa = XCConfigurationList;
			buildConfigurations = (
				48DFEDBD1C21BBC60040B624 /* Debug */,
				48DFEDBE1C21BBC60040B624 /* Release */,
			);
			defaultConfigurationIsVisible = 0;
			defaultConfigurationName = Release;
		};
/* End XCConfigurationList section */
	};
	rootObject = 48DFEDA01C21BBC60040B624 /* Project object */;
}
